
Microsoft Visual Studio Solution File, Format Version 12.00
# Visual Studio Version 17
VisualStudioVersion = 17.9.34622.214
MinimumVisualStudioVersion = 10.0.40219.1
Project("{888888A0-9F3D-457C-B088-3A5042F75D52}") = "tarpv iseseisav too", "tarpv iseseisav too\tarpv iseseisav too.pyproj", "{D9C2669B-46E8-4FF9-A0D7-DFF426F29653}"
EndProject
Global
	GlobalSection(SolutionConfigurationPlatforms) = preSolution
		Debug|Any CPU = Debug|Any CPU
		Release|Any CPU = Release|Any CPU
	EndGlobalSection
	GlobalSection(ProjectConfigurationPlatforms) = postSolution
		{D9C2669B-46E8-4FF9-A0D7-DFF426F29653}.Debug|Any CPU.ActiveCfg = Debug|Any CPU
		{D9C2669B-46E8-4FF9-A0D7-DFF426F29653}.Release|Any CPU.ActiveCfg = Release|Any CPU
	EndGlobalSection
	GlobalSection(SolutionProperties) = preSolution
		HideSolutionNode = FALSE
	EndGlobalSection
	GlobalSection(ExtensibilityGlobals) = postSolution
		SolutionGuid = {A3D21B21-720B-41F7-80B6-A7B0AC34EB4D}
	EndGlobalSection
EndGlobal
